// !$*UTF8*$!
{
	archiveVersion = 1;
	classes = {
	};
	objectVersion = 56;
	objects = {

/* Begin PBXBuildFile section */
		7538E08D2C6111E500EB3162 /* DrapeauxViewModel.swift in Sources */ = {isa = PBXBuildFile; fileRef = 7538E08C2C6111E500EB3162 /* DrapeauxViewModel.swift */; };
		7538E08F2C611E6B00EB3162 /* GuessTheFlagView.swift in Sources */ = {isa = PBXBuildFile; fileRef = 7538E08E2C611E6B00EB3162 /* GuessTheFlagView.swift */; };
		7538E0942C611F7400EB3162 /* LinearGradientView.swift in Sources */ = {isa = PBXBuildFile; fileRef = 7538E0932C611F7400EB3162 /* LinearGradientView.swift */; };
		75F244E72C660AEB00B4EBAE /* AnecdoteViewController.swift in Sources */ = {isa = PBXBuildFile; fileRef = 75F244E62C660AEB00B4EBAE /* AnecdoteViewController.swift */; };
		75F244E92C660B7D00B4EBAE /* FinishButtonView.swift in Sources */ = {isa = PBXBuildFile; fileRef = 75F244E82C660B7D00B4EBAE /* FinishButtonView.swift */; };
		75F244EB2C660C0400B4EBAE /* AnecdoteView.swift in Sources */ = {isa = PBXBuildFile; fileRef = 75F244EA2C660C0400B4EBAE /* AnecdoteView.swift */; };
		8E8572E12C63834E00756AC9 /* ConfigurationViewModel.swift in Sources */ = {isa = PBXBuildFile; fileRef = 8E8572E02C63834E00756AC9 /* ConfigurationViewModel.swift */; };
		8E8572E62C63B50F00756AC9 /* NotesEtAvisStoryboard.storyboard in Resources */ = {isa = PBXBuildFile; fileRef = 8E8572E32C63B50F00756AC9 /* NotesEtAvisStoryboard.storyboard */; };
		8E8572E82C63B50F00756AC9 /* NotesEtAvisViewController.swift in Sources */ = {isa = PBXBuildFile; fileRef = 8E8572E52C63B50F00756AC9 /* NotesEtAvisViewController.swift */; };
		8EACA4022C60F59200BA7E28 /* CustomColors.swift in Sources */ = {isa = PBXBuildFile; fileRef = 8EACA4012C60F59200BA7E28 /* CustomColors.swift */; };
		EA3B8F812C63BF520026C012 /* RouletteViewModel.swift in Sources */ = {isa = PBXBuildFile; fileRef = EA3B8F802C63BF520026C012 /* RouletteViewModel.swift */; };
		EA65D4982C60C33F00BA76C0 /* CustomColors.swift in Sources */ = {isa = PBXBuildFile; fileRef = EA65D4972C60C33F00BA76C0 /* CustomColors.swift */; };
		EA65D4B12C61751C00BA76C0 /* ModSelectionView.swift in Sources */ = {isa = PBXBuildFile; fileRef = EA65D4B02C61751C00BA76C0 /* ModSelectionView.swift */; };
		EA95B2222C65134300A2DC77 /* RouletteStoryBoard.storyboard in Resources */ = {isa = PBXBuildFile; fileRef = EA95B2212C65134300A2DC77 /* RouletteStoryBoard.storyboard */; };
		EA95B2242C651F4E00A2DC77 /* RouletteViewController.swift in Sources */ = {isa = PBXBuildFile; fileRef = EA95B2232C651F4E00A2DC77 /* RouletteViewController.swift */; };
		EA95B2262C6552C700A2DC77 /* SplashView.swift in Sources */ = {isa = PBXBuildFile; fileRef = EA95B2252C6552C700A2DC77 /* SplashView.swift */; };
		EA8FC74E2C651A7900E23B1F /* HistoriqueViewController.swift in Sources */ = {isa = PBXBuildFile; fileRef = EA8FC74D2C651A7900E23B1F /* HistoriqueViewController.swift */; };
		EAAF0DD92C5D22EC00302F03 /* BoutonRouletteView.swift in Sources */ = {isa = PBXBuildFile; fileRef = EAAF0DD72C5D22EC00302F03 /* BoutonRouletteView.swift */; };
		EAAF0DDB2C5D272500302F03 /* CustomSegmentedButton.swift in Sources */ = {isa = PBXBuildFile; fileRef = EAAF0DDA2C5D272500302F03 /* CustomSegmentedButton.swift */; };
		EAFDF7032C5BD13E00D9782F /* MoglAppApp.swift in Sources */ = {isa = PBXBuildFile; fileRef = EAFDF7022C5BD13E00D9782F /* MoglAppApp.swift */; };
		EAFDF7072C5BD13E00D9782F /* Item.swift in Sources */ = {isa = PBXBuildFile; fileRef = EAFDF7062C5BD13E00D9782F /* Item.swift */; };
		EAFDF7092C5BD13F00D9782F /* Assets.xcassets in Resources */ = {isa = PBXBuildFile; fileRef = EAFDF7082C5BD13F00D9782F /* Assets.xcassets */; };
		EAFDF70C2C5BD13F00D9782F /* Preview Assets.xcassets in Resources */ = {isa = PBXBuildFile; fileRef = EAFDF70B2C5BD13F00D9782F /* Preview Assets.xcassets */; };
		EAFDF7162C5BD13F00D9782F /* MoglAppTests.swift in Sources */ = {isa = PBXBuildFile; fileRef = EAFDF7152C5BD13F00D9782F /* MoglAppTests.swift */; };
		EAFDF7202C5BD13F00D9782F /* MoglAppUITests.swift in Sources */ = {isa = PBXBuildFile; fileRef = EAFDF71F2C5BD13F00D9782F /* MoglAppUITests.swift */; };
		EAFDF7222C5BD13F00D9782F /* MoglAppUITestsLaunchTests.swift in Sources */ = {isa = PBXBuildFile; fileRef = EAFDF7212C5BD13F00D9782F /* MoglAppUITestsLaunchTests.swift */; };
		EAFDF73A2C5BD46900D9782F /* Chifoumi.Item.swift in Sources */ = {isa = PBXBuildFile; fileRef = EAFDF7312C5BD46900D9782F /* Chifoumi.Item.swift */; };
		EAFDF73B2C5BD46900D9782F /* AccesibiliteItem.swift in Sources */ = {isa = PBXBuildFile; fileRef = EAFDF7322C5BD46900D9782F /* AccesibiliteItem.swift */; };
		EAFDF73C2C5BD46900D9782F /* CategorieItem.swift in Sources */ = {isa = PBXBuildFile; fileRef = EAFDF7332C5BD46900D9782F /* CategorieItem.swift */; };
		EAFDF73D2C5BD46900D9782F /* JoueurItem.swift in Sources */ = {isa = PBXBuildFile; fileRef = EAFDF7342C5BD46900D9782F /* JoueurItem.swift */; };
		EAFDF73E2C5BD46900D9782F /* ActiviteItem.swift in Sources */ = {isa = PBXBuildFile; fileRef = EAFDF7352C5BD46900D9782F /* ActiviteItem.swift */; };
		EAFDF73F2C5BD46900D9782F /* DrapeauxItem.swift in Sources */ = {isa = PBXBuildFile; fileRef = EAFDF7362C5BD46900D9782F /* DrapeauxItem.swift */; };
		EAFDF7402C5BD46900D9782F /* MorpionItem.swift in Sources */ = {isa = PBXBuildFile; fileRef = EAFDF7372C5BD46900D9782F /* MorpionItem.swift */; };
		EAFDF7412C5BD46900D9782F /* AvisSuggestionItem.swift in Sources */ = {isa = PBXBuildFile; fileRef = EAFDF7382C5BD46900D9782F /* AvisSuggestionItem.swift */; };
		EAFDF7422C5BD46900D9782F /* HistoriqueItem.swift in Sources */ = {isa = PBXBuildFile; fileRef = EAFDF7392C5BD46900D9782F /* HistoriqueItem.swift */; };
		EAFDF74A2C5BD56600D9782F /* HistoriqueView.swift in Sources */ = {isa = PBXBuildFile; fileRef = EAFDF7432C5BD56500D9782F /* HistoriqueView.swift */; };
		EAFDF74C2C5BD56600D9782F /* NotesEtAvisView.swift in Sources */ = {isa = PBXBuildFile; fileRef = EAFDF7452C5BD56500D9782F /* NotesEtAvisView.swift */; };
		EAFDF74D2C5BD56600D9782F /* ConfigurationView.swift in Sources */ = {isa = PBXBuildFile; fileRef = EAFDF7462C5BD56500D9782F /* ConfigurationView.swift */; };
		EAFDF74E2C5BD56600D9782F /* RouletteView.swift in Sources */ = {isa = PBXBuildFile; fileRef = EAFDF7472C5BD56500D9782F /* RouletteView.swift */; };
		EAFDF74F2C5BD56600D9782F /* TabBarControllerView.swift in Sources */ = {isa = PBXBuildFile; fileRef = EAFDF7482C5BD56500D9782F /* TabBarControllerView.swift */; };
		EAFDF7502C5BD56600D9782F /* ListeView.swift in Sources */ = {isa = PBXBuildFile; fileRef = EAFDF7492C5BD56600D9782F /* ListeView.swift */; };
		EAFDF7542C5BD60700D9782F /* HistoriqueViewModels.swift in Sources */ = {isa = PBXBuildFile; fileRef = EAFDF7522C5BD60700D9782F /* HistoriqueViewModels.swift */; };
		EAFF05F22C624F5E00C535D1 /* UIGradientColor.swift in Sources */ = {isa = PBXBuildFile; fileRef = EAFF05F12C624F5E00C535D1 /* UIGradientColor.swift */; };
/* End PBXBuildFile section */

/* Begin PBXContainerItemProxy section */
		EAFDF7122C5BD13F00D9782F /* PBXContainerItemProxy */ = {
			isa = PBXContainerItemProxy;
			containerPortal = EAFDF6F72C5BD13E00D9782F /* Project object */;
			proxyType = 1;
			remoteGlobalIDString = EAFDF6FE2C5BD13E00D9782F;
			remoteInfo = MoglApp;
		};
		EAFDF71C2C5BD13F00D9782F /* PBXContainerItemProxy */ = {
			isa = PBXContainerItemProxy;
			containerPortal = EAFDF6F72C5BD13E00D9782F /* Project object */;
			proxyType = 1;
			remoteGlobalIDString = EAFDF6FE2C5BD13E00D9782F;
			remoteInfo = MoglApp;
		};
/* End PBXContainerItemProxy section */

/* Begin PBXFileReference section */
		7538E08C2C6111E500EB3162 /* DrapeauxViewModel.swift */ = {isa = PBXFileReference; lastKnownFileType = sourcecode.swift; path = DrapeauxViewModel.swift; sourceTree = "<group>"; };
		7538E08E2C611E6B00EB3162 /* GuessTheFlagView.swift */ = {isa = PBXFileReference; lastKnownFileType = sourcecode.swift; path = GuessTheFlagView.swift; sourceTree = "<group>"; };
		7538E0932C611F7400EB3162 /* LinearGradientView.swift */ = {isa = PBXFileReference; lastKnownFileType = sourcecode.swift; path = LinearGradientView.swift; sourceTree = "<group>"; };
		75F244E62C660AEB00B4EBAE /* AnecdoteViewController.swift */ = {isa = PBXFileReference; lastKnownFileType = sourcecode.swift; path = AnecdoteViewController.swift; sourceTree = "<group>"; };
		75F244E82C660B7D00B4EBAE /* FinishButtonView.swift */ = {isa = PBXFileReference; lastKnownFileType = sourcecode.swift; path = FinishButtonView.swift; sourceTree = "<group>"; };
		75F244EA2C660C0400B4EBAE /* AnecdoteView.swift */ = {isa = PBXFileReference; lastKnownFileType = sourcecode.swift; path = AnecdoteView.swift; sourceTree = "<group>"; };
		8E8572E02C63834E00756AC9 /* ConfigurationViewModel.swift */ = {isa = PBXFileReference; lastKnownFileType = sourcecode.swift; path = ConfigurationViewModel.swift; sourceTree = "<group>"; };
		8E8572E32C63B50F00756AC9 /* NotesEtAvisStoryboard.storyboard */ = {isa = PBXFileReference; fileEncoding = 4; lastKnownFileType = file.storyboard; path = NotesEtAvisStoryboard.storyboard; sourceTree = "<group>"; };
		8E8572E52C63B50F00756AC9 /* NotesEtAvisViewController.swift */ = {isa = PBXFileReference; fileEncoding = 4; lastKnownFileType = sourcecode.swift; path = NotesEtAvisViewController.swift; sourceTree = "<group>"; };
		8EACA4012C60F59200BA7E28 /* CustomColors.swift */ = {isa = PBXFileReference; fileEncoding = 4; lastKnownFileType = sourcecode.swift; path = CustomColors.swift; sourceTree = "<group>"; };
		EA3B8F802C63BF520026C012 /* RouletteViewModel.swift */ = {isa = PBXFileReference; fileEncoding = 4; lastKnownFileType = sourcecode.swift; path = RouletteViewModel.swift; sourceTree = "<group>"; };
		EA65D4952C60C00C00BA76C0 /* RouletteViewModel.swift */ = {isa = PBXFileReference; fileEncoding = 4; lastKnownFileType = sourcecode.swift; path = RouletteViewModel.swift; sourceTree = "<group>"; };
		EA65D4972C60C33F00BA76C0 /* CustomColors.swift */ = {isa = PBXFileReference; lastKnownFileType = sourcecode.swift; path = CustomColors.swift; sourceTree = "<group>"; };
		EA65D4B02C61751C00BA76C0 /* ModSelectionView.swift */ = {isa = PBXFileReference; lastKnownFileType = sourcecode.swift; path = ModSelectionView.swift; sourceTree = "<group>"; };
		EA95B2212C65134300A2DC77 /* RouletteStoryBoard.storyboard */ = {isa = PBXFileReference; lastKnownFileType = file.storyboard; path = RouletteStoryBoard.storyboard; sourceTree = "<group>"; };
		EA95B2232C651F4E00A2DC77 /* RouletteViewController.swift */ = {isa = PBXFileReference; lastKnownFileType = sourcecode.swift; path = RouletteViewController.swift; sourceTree = "<group>"; };
		EA95B2252C6552C700A2DC77 /* SplashView.swift */ = {isa = PBXFileReference; lastKnownFileType = sourcecode.swift; path = SplashView.swift; sourceTree = "<group>"; };
		EA8FC74D2C651A7900E23B1F /* HistoriqueViewController.swift */ = {isa = PBXFileReference; lastKnownFileType = sourcecode.swift; path = HistoriqueViewController.swift; sourceTree = "<group>"; };
		EAAF0DD72C5D22EC00302F03 /* BoutonRouletteView.swift */ = {isa = PBXFileReference; fileEncoding = 4; lastKnownFileType = sourcecode.swift; path = BoutonRouletteView.swift; sourceTree = "<group>"; };
		EAAF0DDA2C5D272500302F03 /* CustomSegmentedButton.swift */ = {isa = PBXFileReference; lastKnownFileType = sourcecode.swift; path = CustomSegmentedButton.swift; sourceTree = "<group>"; };
		EAC628F62C5C302500F78424 /* RouletteViewModel.swift */ = {isa = PBXFileReference; lastKnownFileType = sourcecode.swift; path = RouletteViewModel.swift; sourceTree = "<group>"; };
		EAFDF6FF2C5BD13E00D9782F /* MoglApp.app */ = {isa = PBXFileReference; explicitFileType = wrapper.application; includeInIndex = 0; path = MoglApp.app; sourceTree = BUILT_PRODUCTS_DIR; };
		EAFDF7022C5BD13E00D9782F /* MoglAppApp.swift */ = {isa = PBXFileReference; lastKnownFileType = sourcecode.swift; path = MoglAppApp.swift; sourceTree = "<group>"; };
		EAFDF7062C5BD13E00D9782F /* Item.swift */ = {isa = PBXFileReference; lastKnownFileType = sourcecode.swift; path = Item.swift; sourceTree = "<group>"; };
		EAFDF7082C5BD13F00D9782F /* Assets.xcassets */ = {isa = PBXFileReference; lastKnownFileType = folder.assetcatalog; path = Assets.xcassets; sourceTree = "<group>"; };
		EAFDF70B2C5BD13F00D9782F /* Preview Assets.xcassets */ = {isa = PBXFileReference; lastKnownFileType = folder.assetcatalog; path = "Preview Assets.xcassets"; sourceTree = "<group>"; };
		EAFDF7112C5BD13F00D9782F /* MoglAppTests.xctest */ = {isa = PBXFileReference; explicitFileType = wrapper.cfbundle; includeInIndex = 0; path = MoglAppTests.xctest; sourceTree = BUILT_PRODUCTS_DIR; };
		EAFDF7152C5BD13F00D9782F /* MoglAppTests.swift */ = {isa = PBXFileReference; lastKnownFileType = sourcecode.swift; path = MoglAppTests.swift; sourceTree = "<group>"; };
		EAFDF71B2C5BD13F00D9782F /* MoglAppUITests.xctest */ = {isa = PBXFileReference; explicitFileType = wrapper.cfbundle; includeInIndex = 0; path = MoglAppUITests.xctest; sourceTree = BUILT_PRODUCTS_DIR; };
		EAFDF71F2C5BD13F00D9782F /* MoglAppUITests.swift */ = {isa = PBXFileReference; lastKnownFileType = sourcecode.swift; path = MoglAppUITests.swift; sourceTree = "<group>"; };
		EAFDF7212C5BD13F00D9782F /* MoglAppUITestsLaunchTests.swift */ = {isa = PBXFileReference; lastKnownFileType = sourcecode.swift; path = MoglAppUITestsLaunchTests.swift; sourceTree = "<group>"; };
		EAFDF7312C5BD46900D9782F /* Chifoumi.Item.swift */ = {isa = PBXFileReference; fileEncoding = 4; lastKnownFileType = sourcecode.swift; path = Chifoumi.Item.swift; sourceTree = "<group>"; };
		EAFDF7322C5BD46900D9782F /* AccesibiliteItem.swift */ = {isa = PBXFileReference; fileEncoding = 4; lastKnownFileType = sourcecode.swift; path = AccesibiliteItem.swift; sourceTree = "<group>"; };
		EAFDF7332C5BD46900D9782F /* CategorieItem.swift */ = {isa = PBXFileReference; fileEncoding = 4; lastKnownFileType = sourcecode.swift; path = CategorieItem.swift; sourceTree = "<group>"; };
		EAFDF7342C5BD46900D9782F /* JoueurItem.swift */ = {isa = PBXFileReference; fileEncoding = 4; lastKnownFileType = sourcecode.swift; path = JoueurItem.swift; sourceTree = "<group>"; };
		EAFDF7352C5BD46900D9782F /* ActiviteItem.swift */ = {isa = PBXFileReference; fileEncoding = 4; lastKnownFileType = sourcecode.swift; path = ActiviteItem.swift; sourceTree = "<group>"; };
		EAFDF7362C5BD46900D9782F /* DrapeauxItem.swift */ = {isa = PBXFileReference; fileEncoding = 4; lastKnownFileType = sourcecode.swift; path = DrapeauxItem.swift; sourceTree = "<group>"; };
		EAFDF7372C5BD46900D9782F /* MorpionItem.swift */ = {isa = PBXFileReference; fileEncoding = 4; lastKnownFileType = sourcecode.swift; path = MorpionItem.swift; sourceTree = "<group>"; };
		EAFDF7382C5BD46900D9782F /* AvisSuggestionItem.swift */ = {isa = PBXFileReference; fileEncoding = 4; lastKnownFileType = sourcecode.swift; path = AvisSuggestionItem.swift; sourceTree = "<group>"; };
		EAFDF7392C5BD46900D9782F /* HistoriqueItem.swift */ = {isa = PBXFileReference; fileEncoding = 4; lastKnownFileType = sourcecode.swift; path = HistoriqueItem.swift; sourceTree = "<group>"; };
		EAFDF7432C5BD56500D9782F /* HistoriqueView.swift */ = {isa = PBXFileReference; fileEncoding = 4; lastKnownFileType = sourcecode.swift; path = HistoriqueView.swift; sourceTree = "<group>"; };
		EAFDF7452C5BD56500D9782F /* NotesEtAvisView.swift */ = {isa = PBXFileReference; fileEncoding = 4; lastKnownFileType = sourcecode.swift; path = NotesEtAvisView.swift; sourceTree = "<group>"; };
		EAFDF7462C5BD56500D9782F /* ConfigurationView.swift */ = {isa = PBXFileReference; fileEncoding = 4; indentWidth = 4; lastKnownFileType = sourcecode.swift; path = ConfigurationView.swift; sourceTree = "<group>"; tabWidth = 4; usesTabs = 0; wrapsLines = 1; };
		EAFDF7472C5BD56500D9782F /* RouletteView.swift */ = {isa = PBXFileReference; fileEncoding = 4; lastKnownFileType = sourcecode.swift; path = RouletteView.swift; sourceTree = "<group>"; };
		EAFDF7482C5BD56500D9782F /* TabBarControllerView.swift */ = {isa = PBXFileReference; fileEncoding = 4; lastKnownFileType = sourcecode.swift; path = TabBarControllerView.swift; sourceTree = "<group>"; };
		EAFDF7492C5BD56600D9782F /* ListeView.swift */ = {isa = PBXFileReference; fileEncoding = 4; lastKnownFileType = sourcecode.swift; path = ListeView.swift; sourceTree = "<group>"; };
		EAFDF7522C5BD60700D9782F /* HistoriqueViewModels.swift */ = {isa = PBXFileReference; fileEncoding = 4; lastKnownFileType = sourcecode.swift; path = HistoriqueViewModels.swift; sourceTree = "<group>"; };
		EAFF05F12C624F5E00C535D1 /* UIGradientColor.swift */ = {isa = PBXFileReference; lastKnownFileType = sourcecode.swift; path = UIGradientColor.swift; sourceTree = "<group>"; };
/* End PBXFileReference section */

/* Begin PBXFrameworksBuildPhase section */
		EAFDF6FC2C5BD13E00D9782F /* Frameworks */ = {
			isa = PBXFrameworksBuildPhase;
			buildActionMask = 2147483647;
			files = (
			);
			runOnlyForDeploymentPostprocessing = 0;
		};
		EAFDF70E2C5BD13F00D9782F /* Frameworks */ = {
			isa = PBXFrameworksBuildPhase;
			buildActionMask = 2147483647;
			files = (
			);
			runOnlyForDeploymentPostprocessing = 0;
		};
		EAFDF7182C5BD13F00D9782F /* Frameworks */ = {
			isa = PBXFrameworksBuildPhase;
			buildActionMask = 2147483647;
			files = (
			);
			runOnlyForDeploymentPostprocessing = 0;
		};
/* End PBXFrameworksBuildPhase section */

/* Begin PBXGroup section */
		7538E0902C611E7900EB3162 /* GuessTheFlagView */ = {
			isa = PBXGroup;
			children = (
				7538E08E2C611E6B00EB3162 /* GuessTheFlagView.swift */,
				7538E0932C611F7400EB3162 /* LinearGradientView.swift */,
				75F244E62C660AEB00B4EBAE /* AnecdoteViewController.swift */,
				75F244EA2C660C0400B4EBAE /* AnecdoteView.swift */,
				75F244E82C660B7D00B4EBAE /* FinishButtonView.swift */,
			);
			path = GuessTheFlagView;
			sourceTree = "<group>";
		};
		EAAF0DD82C5D22EC00302F03 /* SubViews */ = {
			isa = PBXGroup;
			children = (
				EAAF0DD72C5D22EC00302F03 /* BoutonRouletteView.swift */,
				EAAF0DDA2C5D272500302F03 /* CustomSegmentedButton.swift */,
			);
			path = SubViews;
			sourceTree = "<group>";
		};
		EAFDF6F62C5BD13E00D9782F = {
			isa = PBXGroup;
			children = (
				EAFDF7012C5BD13E00D9782F /* MoglApp */,
				EAFDF7142C5BD13F00D9782F /* MoglAppTests */,
				EAFDF71E2C5BD13F00D9782F /* MoglAppUITests */,
				EAFDF7002C5BD13E00D9782F /* Products */,
			);
			sourceTree = "<group>";
		};
		EAFDF7002C5BD13E00D9782F /* Products */ = {
			isa = PBXGroup;
			children = (
				EAFDF6FF2C5BD13E00D9782F /* MoglApp.app */,
				EAFDF7112C5BD13F00D9782F /* MoglAppTests.xctest */,
				EAFDF71B2C5BD13F00D9782F /* MoglAppUITests.xctest */,
			);
			name = Products;
			sourceTree = "<group>";
		};
		EAFDF7012C5BD13E00D9782F /* MoglApp */ = {
			isa = PBXGroup;
			children = (
				EAFDF7022C5BD13E00D9782F /* MoglAppApp.swift */,
				EAFDF7062C5BD13E00D9782F /* Item.swift */,
				EAFDF72E2C5BD28900D9782F /* Models */,
				EAFDF72F2C5BD29100D9782F /* Views */,
				EAFDF7302C5BD3DF00D9782F /* ViewModels */,
				EAFDF7082C5BD13F00D9782F /* Assets.xcassets */,
				EAFDF70A2C5BD13F00D9782F /* Preview Content */,
			);
			path = MoglApp;
			sourceTree = "<group>";
		};
		EAFDF70A2C5BD13F00D9782F /* Preview Content */ = {
			isa = PBXGroup;
			children = (
				EAFDF70B2C5BD13F00D9782F /* Preview Assets.xcassets */,
			);
			path = "Preview Content";
			sourceTree = "<group>";
		};
		EAFDF7142C5BD13F00D9782F /* MoglAppTests */ = {
			isa = PBXGroup;
			children = (
				EAFDF7152C5BD13F00D9782F /* MoglAppTests.swift */,
			);
			path = MoglAppTests;
			sourceTree = "<group>";
		};
		EAFDF71E2C5BD13F00D9782F /* MoglAppUITests */ = {
			isa = PBXGroup;
			children = (
				EAFDF71F2C5BD13F00D9782F /* MoglAppUITests.swift */,
				EAFDF7212C5BD13F00D9782F /* MoglAppUITestsLaunchTests.swift */,
			);
			path = MoglAppUITests;
			sourceTree = "<group>";
		};
		EAFDF72E2C5BD28900D9782F /* Models */ = {
			isa = PBXGroup;
			children = (
				8EACA4012C60F59200BA7E28 /* CustomColors.swift */,
				EAFDF7322C5BD46900D9782F /* AccesibiliteItem.swift */,
				EAFDF7352C5BD46900D9782F /* ActiviteItem.swift */,
				EAFDF7382C5BD46900D9782F /* AvisSuggestionItem.swift */,
				EAFDF7332C5BD46900D9782F /* CategorieItem.swift */,
				EAFDF7312C5BD46900D9782F /* Chifoumi.Item.swift */,
				EAFDF7362C5BD46900D9782F /* DrapeauxItem.swift */,
				EAFDF7392C5BD46900D9782F /* HistoriqueItem.swift */,
				EAFDF7342C5BD46900D9782F /* JoueurItem.swift */,
				EAFDF7372C5BD46900D9782F /* MorpionItem.swift */,
				EA65D4972C60C33F00BA76C0 /* CustomColors.swift */,
				EAFF05F12C624F5E00C535D1 /* UIGradientColor.swift */,
			);
			path = Models;
			sourceTree = "<group>";
		};
		EAFDF72F2C5BD29100D9782F /* Views */ = {
			isa = PBXGroup;
			children = (
				8E8572E32C63B50F00756AC9 /* NotesEtAvisStoryboard.storyboard */,
				8E8572E52C63B50F00756AC9 /* NotesEtAvisViewController.swift */,
				EAAF0DD82C5D22EC00302F03 /* SubViews */,
				EA65D4B02C61751C00BA76C0 /* ModSelectionView.swift */,
				7538E0902C611E7900EB3162 /* GuessTheFlagView */,
				EAFDF7462C5BD56500D9782F /* ConfigurationView.swift */,
				EAFDF7472C5BD56500D9782F /* RouletteView.swift */,
				EAFDF7492C5BD56600D9782F /* ListeView.swift */,
				EAFDF7452C5BD56500D9782F /* NotesEtAvisView.swift */,
				EAFDF7432C5BD56500D9782F /* HistoriqueView.swift */,
				EAFDF7482C5BD56500D9782F /* TabBarControllerView.swift */,
				EA4FECF12C5CC72600138B4A /* MaintTabBarController.swift */,
				EA95B2212C65134300A2DC77 /* RouletteStoryBoard.storyboard */,
				EA95B2232C651F4E00A2DC77 /* RouletteViewController.swift */,
				EA95B2252C6552C700A2DC77 /* SplashView.swift */,
				EA8FC74D2C651A7900E23B1F /* HistoriqueViewController.swift */,
			);
			path = Views;
			sourceTree = "<group>";
		};
		EAFDF7302C5BD3DF00D9782F /* ViewModels */ = {
			isa = PBXGroup;
			children = (
				EA3B8F802C63BF520026C012 /* RouletteViewModel.swift */,
				EAFDF7522C5BD60700D9782F /* HistoriqueViewModels.swift */,
				EA65D4952C60C00C00BA76C0 /* RouletteViewModel.swift */,
				8E8572E02C63834E00756AC9 /* ConfigurationViewModel.swift */,
				EAC628F62C5C302500F78424 /* RouletteViewModel.swift */,
				7538E08C2C6111E500EB3162 /* DrapeauxViewModel.swift */,
			);
			path = ViewModels;
			sourceTree = "<group>";
		};
/* End PBXGroup section */

/* Begin PBXNativeTarget section */
		EAFDF6FE2C5BD13E00D9782F /* MoglApp */ = {
			isa = PBXNativeTarget;
			buildConfigurationList = EAFDF7252C5BD13F00D9782F /* Build configuration list for PBXNativeTarget "MoglApp" */;
			buildPhases = (
				EAFDF6FB2C5BD13E00D9782F /* Sources */,
				EAFDF6FC2C5BD13E00D9782F /* Frameworks */,
				EAFDF6FD2C5BD13E00D9782F /* Resources */,
			);
			buildRules = (
			);
			dependencies = (
			);
			name = MoglApp;
			productName = MoglApp;
			productReference = EAFDF6FF2C5BD13E00D9782F /* MoglApp.app */;
			productType = "com.apple.product-type.application";
		};
		EAFDF7102C5BD13F00D9782F /* MoglAppTests */ = {
			isa = PBXNativeTarget;
			buildConfigurationList = EAFDF7282C5BD13F00D9782F /* Build configuration list for PBXNativeTarget "MoglAppTests" */;
			buildPhases = (
				EAFDF70D2C5BD13F00D9782F /* Sources */,
				EAFDF70E2C5BD13F00D9782F /* Frameworks */,
				EAFDF70F2C5BD13F00D9782F /* Resources */,
			);
			buildRules = (
			);
			dependencies = (
				EAFDF7132C5BD13F00D9782F /* PBXTargetDependency */,
			);
			name = MoglAppTests;
			productName = MoglAppTests;
			productReference = EAFDF7112C5BD13F00D9782F /* MoglAppTests.xctest */;
			productType = "com.apple.product-type.bundle.unit-test";
		};
		EAFDF71A2C5BD13F00D9782F /* MoglAppUITests */ = {
			isa = PBXNativeTarget;
			buildConfigurationList = EAFDF72B2C5BD13F00D9782F /* Build configuration list for PBXNativeTarget "MoglAppUITests" */;
			buildPhases = (
				EAFDF7172C5BD13F00D9782F /* Sources */,
				EAFDF7182C5BD13F00D9782F /* Frameworks */,
				EAFDF7192C5BD13F00D9782F /* Resources */,
			);
			buildRules = (
			);
			dependencies = (
				EAFDF71D2C5BD13F00D9782F /* PBXTargetDependency */,
			);
			name = MoglAppUITests;
			productName = MoglAppUITests;
			productReference = EAFDF71B2C5BD13F00D9782F /* MoglAppUITests.xctest */;
			productType = "com.apple.product-type.bundle.ui-testing";
		};
/* End PBXNativeTarget section */

/* Begin PBXProject section */
		EAFDF6F72C5BD13E00D9782F /* Project object */ = {
			isa = PBXProject;
			attributes = {
				BuildIndependentTargetsInParallel = 1;
				LastSwiftUpdateCheck = 1540;
				LastUpgradeCheck = 1540;
				TargetAttributes = {
					EAFDF6FE2C5BD13E00D9782F = {
						CreatedOnToolsVersion = 15.4;
					};
					EAFDF7102C5BD13F00D9782F = {
						CreatedOnToolsVersion = 15.4;
						TestTargetID = EAFDF6FE2C5BD13E00D9782F;
					};
					EAFDF71A2C5BD13F00D9782F = {
						CreatedOnToolsVersion = 15.4;
						TestTargetID = EAFDF6FE2C5BD13E00D9782F;
					};
				};
			};
			buildConfigurationList = EAFDF6FA2C5BD13E00D9782F /* Build configuration list for PBXProject "MoglApp" */;
			compatibilityVersion = "Xcode 14.0";
			developmentRegion = en;
			hasScannedForEncodings = 0;
			knownRegions = (
				en,
				Base,
			);
			mainGroup = EAFDF6F62C5BD13E00D9782F;
			productRefGroup = EAFDF7002C5BD13E00D9782F /* Products */;
			projectDirPath = "";
			projectRoot = "";
			targets = (
				EAFDF6FE2C5BD13E00D9782F /* MoglApp */,
				EAFDF7102C5BD13F00D9782F /* MoglAppTests */,
				EAFDF71A2C5BD13F00D9782F /* MoglAppUITests */,
			);
		};
/* End PBXProject section */

/* Begin PBXResourcesBuildPhase section */
		EAFDF6FD2C5BD13E00D9782F /* Resources */ = {
			isa = PBXResourcesBuildPhase;
			buildActionMask = 2147483647;
			files = (
				EAFDF70C2C5BD13F00D9782F /* Preview Assets.xcassets in Resources */,
				EA95B2222C65134300A2DC77 /* RouletteStoryBoard.storyboard in Resources */,
				EAFDF7092C5BD13F00D9782F /* Assets.xcassets in Resources */,
				8E8572E62C63B50F00756AC9 /* NotesEtAvisStoryboard.storyboard in Resources */,
			);
			runOnlyForDeploymentPostprocessing = 0;
		};
		EAFDF70F2C5BD13F00D9782F /* Resources */ = {
			isa = PBXResourcesBuildPhase;
			buildActionMask = 2147483647;
			files = (
			);
			runOnlyForDeploymentPostprocessing = 0;
		};
		EAFDF7192C5BD13F00D9782F /* Resources */ = {
			isa = PBXResourcesBuildPhase;
			buildActionMask = 2147483647;
			files = (
			);
			runOnlyForDeploymentPostprocessing = 0;
		};
/* End PBXResourcesBuildPhase section */

/* Begin PBXSourcesBuildPhase section */
		EAFDF6FB2C5BD13E00D9782F /* Sources */ = {
			isa = PBXSourcesBuildPhase;
			buildActionMask = 2147483647;
			files = (
				EAAF0DDB2C5D272500302F03 /* CustomSegmentedButton.swift in Sources */,
				EAFDF73C2C5BD46900D9782F /* CategorieItem.swift in Sources */,
				EAFDF7072C5BD13E00D9782F /* Item.swift in Sources */,
				75F244E92C660B7D00B4EBAE /* FinishButtonView.swift in Sources */,
				EAFDF74C2C5BD56600D9782F /* NotesEtAvisView.swift in Sources */,
				EA65D4B12C61751C00BA76C0 /* ModSelectionView.swift in Sources */,
				EA8FC74E2C651A7900E23B1F /* HistoriqueViewController.swift in Sources */,
				EAFDF7032C5BD13E00D9782F /* MoglAppApp.swift in Sources */,
				EAFDF74E2C5BD56600D9782F /* RouletteView.swift in Sources */,
				EAFDF74D2C5BD56600D9782F /* ConfigurationView.swift in Sources */,
				EAFDF73D2C5BD46900D9782F /* JoueurItem.swift in Sources */,
				EAFF05F22C624F5E00C535D1 /* UIGradientColor.swift in Sources */,
				EA95B2242C651F4E00A2DC77 /* RouletteViewController.swift in Sources */,
				EAFDF7412C5BD46900D9782F /* AvisSuggestionItem.swift in Sources */,
				8E8572E82C63B50F00756AC9 /* NotesEtAvisViewController.swift in Sources */,
				EAFDF73E2C5BD46900D9782F /* ActiviteItem.swift in Sources */,
				EA65D4982C60C33F00BA76C0 /* CustomColors.swift in Sources */,
				EA3B8F812C63BF520026C012 /* RouletteViewModel.swift in Sources */,
				EAFDF74A2C5BD56600D9782F /* HistoriqueView.swift in Sources */,
				75F244EB2C660C0400B4EBAE /* AnecdoteView.swift in Sources */,
				EAFDF7502C5BD56600D9782F /* ListeView.swift in Sources */,
				EAFDF7542C5BD60700D9782F /* HistoriqueViewModels.swift in Sources */,
				EAFDF74F2C5BD56600D9782F /* TabBarControllerView.swift in Sources */,
				EAAF0DD92C5D22EC00302F03 /* BoutonRouletteView.swift in Sources */,
				EAFDF7422C5BD46900D9782F /* HistoriqueItem.swift in Sources */,
				EAFDF73B2C5BD46900D9782F /* AccesibiliteItem.swift in Sources */,
				EA95B2262C6552C700A2DC77 /* SplashView.swift in Sources */,
				7538E08D2C6111E500EB3162 /* DrapeauxViewModel.swift in Sources */,
				EAFDF73F2C5BD46900D9782F /* DrapeauxItem.swift in Sources */,
				EAFDF73A2C5BD46900D9782F /* Chifoumi.Item.swift in Sources */,
				75F244E72C660AEB00B4EBAE /* AnecdoteViewController.swift in Sources */,
				8E8572E12C63834E00756AC9 /* ConfigurationViewModel.swift in Sources */,
				8EACA4022C60F59200BA7E28 /* CustomColors.swift in Sources */,
				7538E0942C611F7400EB3162 /* LinearGradientView.swift in Sources */,
				EAFDF7402C5BD46900D9782F /* MorpionItem.swift in Sources */,
				7538E08F2C611E6B00EB3162 /* GuessTheFlagView.swift in Sources */,
			);
			runOnlyForDeploymentPostprocessing = 0;
		};
		EAFDF70D2C5BD13F00D9782F /* Sources */ = {
			isa = PBXSourcesBuildPhase;
			buildActionMask = 2147483647;
			files = (
				EAFDF7162C5BD13F00D9782F /* MoglAppTests.swift in Sources */,
			);
			runOnlyForDeploymentPostprocessing = 0;
		};
		EAFDF7172C5BD13F00D9782F /* Sources */ = {
			isa = PBXSourcesBuildPhase;
			buildActionMask = 2147483647;
			files = (
				EAFDF7202C5BD13F00D9782F /* MoglAppUITests.swift in Sources */,
				EAFDF7222C5BD13F00D9782F /* MoglAppUITestsLaunchTests.swift in Sources */,
			);
			runOnlyForDeploymentPostprocessing = 0;
		};
/* End PBXSourcesBuildPhase section */

/* Begin PBXTargetDependency section */
		EAFDF7132C5BD13F00D9782F /* PBXTargetDependency */ = {
			isa = PBXTargetDependency;
			target = EAFDF6FE2C5BD13E00D9782F /* MoglApp */;
			targetProxy = EAFDF7122C5BD13F00D9782F /* PBXContainerItemProxy */;
		};
		EAFDF71D2C5BD13F00D9782F /* PBXTargetDependency */ = {
			isa = PBXTargetDependency;
			target = EAFDF6FE2C5BD13E00D9782F /* MoglApp */;
			targetProxy = EAFDF71C2C5BD13F00D9782F /* PBXContainerItemProxy */;
		};
/* End PBXTargetDependency section */

/* Begin XCBuildConfiguration section */
		EAFDF7232C5BD13F00D9782F /* Debug */ = {
			isa = XCBuildConfiguration;
			buildSettings = {
				ALWAYS_SEARCH_USER_PATHS = NO;
				ASSETCATALOG_COMPILER_GENERATE_SWIFT_ASSET_SYMBOL_EXTENSIONS = YES;
				CLANG_ANALYZER_NONNULL = YES;
				CLANG_ANALYZER_NUMBER_OBJECT_CONVERSION = YES_AGGRESSIVE;
				CLANG_CXX_LANGUAGE_STANDARD = "gnu++20";
				CLANG_ENABLE_MODULES = YES;
				CLANG_ENABLE_OBJC_ARC = YES;
				CLANG_ENABLE_OBJC_WEAK = YES;
				CLANG_WARN_BLOCK_CAPTURE_AUTORELEASING = YES;
				CLANG_WARN_BOOL_CONVERSION = YES;
				CLANG_WARN_COMMA = YES;
				CLANG_WARN_CONSTANT_CONVERSION = YES;
				CLANG_WARN_DEPRECATED_OBJC_IMPLEMENTATIONS = YES;
				CLANG_WARN_DIRECT_OBJC_ISA_USAGE = YES_ERROR;
				CLANG_WARN_DOCUMENTATION_COMMENTS = YES;
				CLANG_WARN_EMPTY_BODY = YES;
				CLANG_WARN_ENUM_CONVERSION = YES;
				CLANG_WARN_INFINITE_RECURSION = YES;
				CLANG_WARN_INT_CONVERSION = YES;
				CLANG_WARN_NON_LITERAL_NULL_CONVERSION = YES;
				CLANG_WARN_OBJC_IMPLICIT_RETAIN_SELF = YES;
				CLANG_WARN_OBJC_LITERAL_CONVERSION = YES;
				CLANG_WARN_OBJC_ROOT_CLASS = YES_ERROR;
				CLANG_WARN_QUOTED_INCLUDE_IN_FRAMEWORK_HEADER = YES;
				CLANG_WARN_RANGE_LOOP_ANALYSIS = YES;
				CLANG_WARN_STRICT_PROTOTYPES = YES;
				CLANG_WARN_SUSPICIOUS_MOVE = YES;
				CLANG_WARN_UNGUARDED_AVAILABILITY = YES_AGGRESSIVE;
				CLANG_WARN_UNREACHABLE_CODE = YES;
				CLANG_WARN__DUPLICATE_METHOD_MATCH = YES;
				COPY_PHASE_STRIP = NO;
				DEBUG_INFORMATION_FORMAT = dwarf;
				ENABLE_STRICT_OBJC_MSGSEND = YES;
				ENABLE_TESTABILITY = YES;
				ENABLE_USER_SCRIPT_SANDBOXING = YES;
				GCC_C_LANGUAGE_STANDARD = gnu17;
				GCC_DYNAMIC_NO_PIC = NO;
				GCC_NO_COMMON_BLOCKS = YES;
				GCC_OPTIMIZATION_LEVEL = 0;
				GCC_PREPROCESSOR_DEFINITIONS = (
					"DEBUG=1",
					"$(inherited)",
				);
				GCC_WARN_64_TO_32_BIT_CONVERSION = YES;
				GCC_WARN_ABOUT_RETURN_TYPE = YES_ERROR;
				GCC_WARN_UNDECLARED_SELECTOR = YES;
				GCC_WARN_UNINITIALIZED_AUTOS = YES_AGGRESSIVE;
				GCC_WARN_UNUSED_FUNCTION = YES;
				GCC_WARN_UNUSED_VARIABLE = YES;
				IPHONEOS_DEPLOYMENT_TARGET = 17.5;
				LOCALIZATION_PREFERS_STRING_CATALOGS = YES;
				MTL_ENABLE_DEBUG_INFO = INCLUDE_SOURCE;
				MTL_FAST_MATH = YES;
				ONLY_ACTIVE_ARCH = YES;
				SDKROOT = iphoneos;
				SWIFT_ACTIVE_COMPILATION_CONDITIONS = "DEBUG $(inherited)";
				SWIFT_OPTIMIZATION_LEVEL = "-Onone";
			};
			name = Debug;
		};
		EAFDF7242C5BD13F00D9782F /* Release */ = {
			isa = XCBuildConfiguration;
			buildSettings = {
				ALWAYS_SEARCH_USER_PATHS = NO;
				ASSETCATALOG_COMPILER_GENERATE_SWIFT_ASSET_SYMBOL_EXTENSIONS = YES;
				CLANG_ANALYZER_NONNULL = YES;
				CLANG_ANALYZER_NUMBER_OBJECT_CONVERSION = YES_AGGRESSIVE;
				CLANG_CXX_LANGUAGE_STANDARD = "gnu++20";
				CLANG_ENABLE_MODULES = YES;
				CLANG_ENABLE_OBJC_ARC = YES;
				CLANG_ENABLE_OBJC_WEAK = YES;
				CLANG_WARN_BLOCK_CAPTURE_AUTORELEASING = YES;
				CLANG_WARN_BOOL_CONVERSION = YES;
				CLANG_WARN_COMMA = YES;
				CLANG_WARN_CONSTANT_CONVERSION = YES;
				CLANG_WARN_DEPRECATED_OBJC_IMPLEMENTATIONS = YES;
				CLANG_WARN_DIRECT_OBJC_ISA_USAGE = YES_ERROR;
				CLANG_WARN_DOCUMENTATION_COMMENTS = YES;
				CLANG_WARN_EMPTY_BODY = YES;
				CLANG_WARN_ENUM_CONVERSION = YES;
				CLANG_WARN_INFINITE_RECURSION = YES;
				CLANG_WARN_INT_CONVERSION = YES;
				CLANG_WARN_NON_LITERAL_NULL_CONVERSION = YES;
				CLANG_WARN_OBJC_IMPLICIT_RETAIN_SELF = YES;
				CLANG_WARN_OBJC_LITERAL_CONVERSION = YES;
				CLANG_WARN_OBJC_ROOT_CLASS = YES_ERROR;
				CLANG_WARN_QUOTED_INCLUDE_IN_FRAMEWORK_HEADER = YES;
				CLANG_WARN_RANGE_LOOP_ANALYSIS = YES;
				CLANG_WARN_STRICT_PROTOTYPES = YES;
				CLANG_WARN_SUSPICIOUS_MOVE = YES;
				CLANG_WARN_UNGUARDED_AVAILABILITY = YES_AGGRESSIVE;
				CLANG_WARN_UNREACHABLE_CODE = YES;
				CLANG_WARN__DUPLICATE_METHOD_MATCH = YES;
				COPY_PHASE_STRIP = NO;
				DEBUG_INFORMATION_FORMAT = "dwarf-with-dsym";
				ENABLE_NS_ASSERTIONS = NO;
				ENABLE_STRICT_OBJC_MSGSEND = YES;
				ENABLE_USER_SCRIPT_SANDBOXING = YES;
				GCC_C_LANGUAGE_STANDARD = gnu17;
				GCC_NO_COMMON_BLOCKS = YES;
				GCC_WARN_64_TO_32_BIT_CONVERSION = YES;
				GCC_WARN_ABOUT_RETURN_TYPE = YES_ERROR;
				GCC_WARN_UNDECLARED_SELECTOR = YES;
				GCC_WARN_UNINITIALIZED_AUTOS = YES_AGGRESSIVE;
				GCC_WARN_UNUSED_FUNCTION = YES;
				GCC_WARN_UNUSED_VARIABLE = YES;
				IPHONEOS_DEPLOYMENT_TARGET = 17.5;
				LOCALIZATION_PREFERS_STRING_CATALOGS = YES;
				MTL_ENABLE_DEBUG_INFO = NO;
				MTL_FAST_MATH = YES;
				SDKROOT = iphoneos;
				SWIFT_COMPILATION_MODE = wholemodule;
				VALIDATE_PRODUCT = YES;
			};
			name = Release;
		};
		EAFDF7262C5BD13F00D9782F /* Debug */ = {
			isa = XCBuildConfiguration;
			buildSettings = {
				ASSETCATALOG_COMPILER_APPICON_NAME = AppIcon;
				ASSETCATALOG_COMPILER_GLOBAL_ACCENT_COLOR_NAME = AccentColor;
				CODE_SIGN_STYLE = Automatic;
				CURRENT_PROJECT_VERSION = 1;
				DEVELOPMENT_ASSET_PATHS = "\"MoglApp/Preview Content\"";
				DEVELOPMENT_TEAM = P7J9FNY95F;
				ENABLE_PREVIEWS = YES;
				GENERATE_INFOPLIST_FILE = YES;
				INFOPLIST_KEY_UIApplicationSceneManifest_Generation = YES;
				INFOPLIST_KEY_UIApplicationSupportsIndirectInputEvents = YES;
				INFOPLIST_KEY_UILaunchScreen_Generation = YES;
				INFOPLIST_KEY_UISupportedInterfaceOrientations_iPad = "UIInterfaceOrientationPortrait UIInterfaceOrientationPortraitUpsideDown UIInterfaceOrientationLandscapeLeft UIInterfaceOrientationLandscapeRight";
				INFOPLIST_KEY_UISupportedInterfaceOrientations_iPhone = "UIInterfaceOrientationPortrait UIInterfaceOrientationLandscapeLeft UIInterfaceOrientationLandscapeRight";
				LD_RUNPATH_SEARCH_PATHS = (
					"$(inherited)",
					"@executable_path/Frameworks",
				);
				MARKETING_VERSION = 1.0;
				PRODUCT_BUNDLE_IDENTIFIER = com.gregorleguellec.MoglApp;
				PRODUCT_NAME = "$(TARGET_NAME)";
				SWIFT_EMIT_LOC_STRINGS = YES;
				SWIFT_VERSION = 5.0;
				TARGETED_DEVICE_FAMILY = "1,2";
			};
			name = Debug;
		};
		EAFDF7272C5BD13F00D9782F /* Release */ = {
			isa = XCBuildConfiguration;
			buildSettings = {
				ASSETCATALOG_COMPILER_APPICON_NAME = AppIcon;
				ASSETCATALOG_COMPILER_GLOBAL_ACCENT_COLOR_NAME = AccentColor;
				CODE_SIGN_STYLE = Automatic;
				CURRENT_PROJECT_VERSION = 1;
				DEVELOPMENT_ASSET_PATHS = "\"MoglApp/Preview Content\"";
				DEVELOPMENT_TEAM = P7J9FNY95F;
				ENABLE_PREVIEWS = YES;
				GENERATE_INFOPLIST_FILE = YES;
				INFOPLIST_KEY_UIApplicationSceneManifest_Generation = YES;
				INFOPLIST_KEY_UIApplicationSupportsIndirectInputEvents = YES;
				INFOPLIST_KEY_UILaunchScreen_Generation = YES;
				INFOPLIST_KEY_UISupportedInterfaceOrientations_iPad = "UIInterfaceOrientationPortrait UIInterfaceOrientationPortraitUpsideDown UIInterfaceOrientationLandscapeLeft UIInterfaceOrientationLandscapeRight";
				INFOPLIST_KEY_UISupportedInterfaceOrientations_iPhone = "UIInterfaceOrientationPortrait UIInterfaceOrientationLandscapeLeft UIInterfaceOrientationLandscapeRight";
				LD_RUNPATH_SEARCH_PATHS = (
					"$(inherited)",
					"@executable_path/Frameworks",
				);
				MARKETING_VERSION = 1.0;
				PRODUCT_BUNDLE_IDENTIFIER = com.gregorleguellec.MoglApp;
				PRODUCT_NAME = "$(TARGET_NAME)";
				SWIFT_EMIT_LOC_STRINGS = YES;
				SWIFT_VERSION = 5.0;
				TARGETED_DEVICE_FAMILY = "1,2";
			};
			name = Release;
		};
		EAFDF7292C5BD13F00D9782F /* Debug */ = {
			isa = XCBuildConfiguration;
			buildSettings = {
				ALWAYS_EMBED_SWIFT_STANDARD_LIBRARIES = YES;
				BUNDLE_LOADER = "$(TEST_HOST)";
				CODE_SIGN_STYLE = Automatic;
				CURRENT_PROJECT_VERSION = 1;
				DEVELOPMENT_TEAM = P7J9FNY95F;
				GENERATE_INFOPLIST_FILE = YES;
				IPHONEOS_DEPLOYMENT_TARGET = 17.5;
				MARKETING_VERSION = 1.0;
				PRODUCT_BUNDLE_IDENTIFIER = com.gregorleguellec.MoglAppTests;
				PRODUCT_NAME = "$(TARGET_NAME)";
				SWIFT_EMIT_LOC_STRINGS = NO;
				SWIFT_VERSION = 5.0;
				TARGETED_DEVICE_FAMILY = "1,2";
				TEST_HOST = "$(BUILT_PRODUCTS_DIR)/MoglApp.app/$(BUNDLE_EXECUTABLE_FOLDER_PATH)/MoglApp";
			};
			name = Debug;
		};
		EAFDF72A2C5BD13F00D9782F /* Release */ = {
			isa = XCBuildConfiguration;
			buildSettings = {
				ALWAYS_EMBED_SWIFT_STANDARD_LIBRARIES = YES;
				BUNDLE_LOADER = "$(TEST_HOST)";
				CODE_SIGN_STYLE = Automatic;
				CURRENT_PROJECT_VERSION = 1;
				DEVELOPMENT_TEAM = P7J9FNY95F;
				GENERATE_INFOPLIST_FILE = YES;
				IPHONEOS_DEPLOYMENT_TARGET = 17.5;
				MARKETING_VERSION = 1.0;
				PRODUCT_BUNDLE_IDENTIFIER = com.gregorleguellec.MoglAppTests;
				PRODUCT_NAME = "$(TARGET_NAME)";
				SWIFT_EMIT_LOC_STRINGS = NO;
				SWIFT_VERSION = 5.0;
				TARGETED_DEVICE_FAMILY = "1,2";
				TEST_HOST = "$(BUILT_PRODUCTS_DIR)/MoglApp.app/$(BUNDLE_EXECUTABLE_FOLDER_PATH)/MoglApp";
			};
			name = Release;
		};
		EAFDF72C2C5BD13F00D9782F /* Debug */ = {
			isa = XCBuildConfiguration;
			buildSettings = {
				ALWAYS_EMBED_SWIFT_STANDARD_LIBRARIES = YES;
				CODE_SIGN_STYLE = Automatic;
				CURRENT_PROJECT_VERSION = 1;
				DEVELOPMENT_TEAM = P7J9FNY95F;
				GENERATE_INFOPLIST_FILE = YES;
				MARKETING_VERSION = 1.0;
				PRODUCT_BUNDLE_IDENTIFIER = com.gregorleguellec.MoglAppUITests;
				PRODUCT_NAME = "$(TARGET_NAME)";
				SWIFT_EMIT_LOC_STRINGS = NO;
				SWIFT_VERSION = 5.0;
				TARGETED_DEVICE_FAMILY = "1,2";
				TEST_TARGET_NAME = MoglApp;
			};
			name = Debug;
		};
		EAFDF72D2C5BD13F00D9782F /* Release */ = {
			isa = XCBuildConfiguration;
			buildSettings = {
				ALWAYS_EMBED_SWIFT_STANDARD_LIBRARIES = YES;
				CODE_SIGN_STYLE = Automatic;
				CURRENT_PROJECT_VERSION = 1;
				DEVELOPMENT_TEAM = P7J9FNY95F;
				GENERATE_INFOPLIST_FILE = YES;
				MARKETING_VERSION = 1.0;
				PRODUCT_BUNDLE_IDENTIFIER = com.gregorleguellec.MoglAppUITests;
				PRODUCT_NAME = "$(TARGET_NAME)";
				SWIFT_EMIT_LOC_STRINGS = NO;
				SWIFT_VERSION = 5.0;
				TARGETED_DEVICE_FAMILY = "1,2";
				TEST_TARGET_NAME = MoglApp;
			};
			name = Release;
		};
/* End XCBuildConfiguration section */

/* Begin XCConfigurationList section */
		EAFDF6FA2C5BD13E00D9782F /* Build configuration list for PBXProject "MoglApp" */ = {
			isa = XCConfigurationList;
			buildConfigurations = (
				EAFDF7232C5BD13F00D9782F /* Debug */,
				EAFDF7242C5BD13F00D9782F /* Release */,
			);
			defaultConfigurationIsVisible = 0;
			defaultConfigurationName = Release;
		};
		EAFDF7252C5BD13F00D9782F /* Build configuration list for PBXNativeTarget "MoglApp" */ = {
			isa = XCConfigurationList;
			buildConfigurations = (
				EAFDF7262C5BD13F00D9782F /* Debug */,
				EAFDF7272C5BD13F00D9782F /* Release */,
			);
			defaultConfigurationIsVisible = 0;
			defaultConfigurationName = Release;
		};
		EAFDF7282C5BD13F00D9782F /* Build configuration list for PBXNativeTarget "MoglAppTests" */ = {
			isa = XCConfigurationList;
			buildConfigurations = (
				EAFDF7292C5BD13F00D9782F /* Debug */,
				EAFDF72A2C5BD13F00D9782F /* Release */,
			);
			defaultConfigurationIsVisible = 0;
			defaultConfigurationName = Release;
		};
		EAFDF72B2C5BD13F00D9782F /* Build configuration list for PBXNativeTarget "MoglAppUITests" */ = {
			isa = XCConfigurationList;
			buildConfigurations = (
				EAFDF72C2C5BD13F00D9782F /* Debug */,
				EAFDF72D2C5BD13F00D9782F /* Release */,
			);
			defaultConfigurationIsVisible = 0;
			defaultConfigurationName = Release;
		};
/* End XCConfigurationList section */
	};
	rootObject = EAFDF6F72C5BD13E00D9782F /* Project object */;
}
